
Microsoft Visual Studio Solution File, Format Version 12.00
# Visual Studio Version 17
VisualStudioVersion = 17.3.32929.385
MinimumVisualStudioVersion = 10.0.40219.1
Project("{FAE04EC0-301F-11D3-BF4B-00C04F79EFBC}") = "Moj_Dzemat_ba", "Moj_Dzemat_ba\Moj_Dzemat_ba.csproj", "{564CFC9E-821D-468E-B97D-5AED99104694}"
EndProject
Global
	GlobalSection(SolutionConfigurationPlatforms) = preSolution
		Debug|Any CPU = Debug|Any CPU
		Release|Any CPU = Release|Any CPU
	EndGlobalSection
	GlobalSection(ProjectConfigurationPlatforms) = postSolution
		{564CFC9E-821D-468E-B97D-5AED99104694}.Debug|Any CPU.ActiveCfg = Debug|Any CPU
		{564CFC9E-821D-468E-B97D-5AED99104694}.Debug|Any CPU.Build.0 = Debug|Any CPU
		{564CFC9E-821D-468E-B97D-5AED99104694}.Release|Any CPU.ActiveCfg = Release|Any CPU
		{564CFC9E-821D-468E-B97D-5AED99104694}.Release|Any CPU.Build.0 = Release|Any CPU
	EndGlobalSection
	GlobalSection(SolutionProperties) = preSolution
		HideSolutionNode = FALSE
	EndGlobalSection
	GlobalSection(ExtensibilityGlobals) = postSolution
		SolutionGuid = {1ADF2EAD-466A-4B2B-957B-D16A37FE58FE}
	EndGlobalSection
EndGlobal
